
Microsoft Visual Studio Solution File, Format Version 12.00
# Visual Studio Version 17
VisualStudioVersion = 17.14.37314.3 d17.14
MinimumVisualStudioVersion = 10.0.40219.1
Project("{FAE04EC0-301F-11D3-BF4B-00C04F79EFBC}") = "E-Commerce.Domain", "E-Commerce.Domain\E-Commerce.Domain.csproj", "{BF78DD63-1B68-42B3-8123-C93CC225332E}"
EndProject
Project("{FAE04EC0-301F-11D3-BF4B-00C04F79EFBC}") = "E-Commerce.Apllication", "E-Commerce.Apllication\E-Commerce.Apllication.csproj", "{93CFAC4C-B854-4CD9-9BEB-741927C86B0A}"
EndProject
Project("{FAE04EC0-301F-11D3-BF4B-00C04F79EFBC}") = "E-Commerce.Infrastructure", "E-Commerce.Infrastructure\E-Commerce.Infrastructure.csproj", "{F11E61A1-F77C-41B8-80EB-7C1DC0B1387F}"
EndProject
Project("{FAE04EC0-301F-11D3-BF4B-00C04F79EFBC}") = "E-Commerce.API", "E-Commerce.API\E-Commerce.API.csproj", "{524112EF-0768-4521-AAD0-2A5A362379B2}"
EndProject
Global
	GlobalSection(SolutionConfigurationPlatforms) = preSolution
		Debug|Any CPU = Debug|Any CPU
		Release|Any CPU = Release|Any CPU
	EndGlobalSection
	GlobalSection(ProjectConfigurationPlatforms) = postSolution
		{BF78DD63-1B68-42B3-8123-C93CC225332E}.Debug|Any CPU.ActiveCfg = Debug|Any CPU
		{BF78DD63-1B68-42B3-8123-C93CC225332E}.Debug|Any CPU.Build.0 = Debug|Any CPU
		{BF78DD63-1B68-42B3-8123-C93CC225332E}.Release|Any CPU.ActiveCfg = Release|Any CPU
		{BF78DD63-1B68-42B3-8123-C93CC225332E}.Release|Any CPU.Build.0 = Release|Any CPU
		{93CFAC4C-B854-4CD9-9BEB-741927C86B0A}.Debug|Any CPU.ActiveCfg = Debug|Any CPU
		{93CFAC4C-B854-4CD9-9BEB-741927C86B0A}.Debug|Any CPU.Build.0 = Debug|Any CPU
		{93CFAC4C-B854-4CD9-9BEB-741927C86B0A}.Release|Any CPU.ActiveCfg = Release|Any CPU
		{93CFAC4C-B854-4CD9-9BEB-741927C86B0A}.Release|Any CPU.Build.0 = Release|Any CPU
		{F11E61A1-F77C-41B8-80EB-7C1DC0B1387F}.Debug|Any CPU.ActiveCfg = Debug|Any CPU
		{F11E61A1-F77C-41B8-80EB-7C1DC0B1387F}.Debug|Any CPU.Build.0 = Debug|Any CPU
		{F11E61A1-F77C-41B8-80EB-7C1DC0B1387F}.Release|Any CPU.ActiveCfg = Release|Any CPU
		{F11E61A1-F77C-41B8-80EB-7C1DC0B1387F}.Release|Any CPU.Build.0 = Release|Any CPU
		{524112EF-0768-4521-AAD0-2A5A362379B2}.Debug|Any CPU.ActiveCfg = Debug|Any CPU
		{524112EF-0768-4521-AAD0-2A5A362379B2}.Debug|Any CPU.Build.0 = Debug|Any CPU
		{524112EF-0768-4521-AAD0-2A5A362379B2}.Release|Any CPU.ActiveCfg = Release|Any CPU
		{524112EF-0768-4521-AAD0-2A5A362379B2}.Release|Any CPU.Build.0 = Release|Any CPU
	EndGlobalSection
	GlobalSection(SolutionProperties) = preSolution
		HideSolutionNode = FALSE
	EndGlobalSection
	GlobalSection(ExtensibilityGlobals) = postSolution
		SolutionGuid = {9EA29257-A8D2-4D81-A60C-291590103FA1}
	EndGlobalSection
EndGlobal
